
Microsoft Visual Studio Solution File, Format Version 12.00
# Visual Studio Version 17
VisualStudioVersion = 17.9.34723.18
MinimumVisualStudioVersion = 10.0.40219.1
Project("{9A19103F-16F7-4668-BE54-9A1E7A4F7556}") = "PF_Formularios", "Formulario_principal\PF_Formularios.csproj", "{391E8008-C028-4C5D-A3E2-A1BC4D07A0A7}"
EndProject
Project("{FAE04EC0-301F-11D3-BF4B-00C04F79EFBC}") = "PF_Controles", "PF_Controles\PF_Controles.csproj", "{4037ABE2-1C66-4971-B9ED-384207C6A611}"
EndProject
Project("{FAE04EC0-301F-11D3-BF4B-00C04F79EFBC}") = "PF_dll", "PF_dll\PF_dll.csproj", "{F72C165F-44DD-465F-9335-D8BACC4C8E58}"
EndProject
Global
	GlobalSection(SolutionConfigurationPlatforms) = preSolution
		Debug|Any CPU = Debug|Any CPU
		Release|Any CPU = Release|Any CPU
	EndGlobalSection
	GlobalSection(ProjectConfigurationPlatforms) = postSolution
		{391E8008-C028-4C5D-A3E2-A1BC4D07A0A7}.Debug|Any CPU.ActiveCfg = Debug|Any CPU
		{391E8008-C028-4C5D-A3E2-A1BC4D07A0A7}.Debug|Any CPU.Build.0 = Debug|Any CPU
		{391E8008-C028-4C5D-A3E2-A1BC4D07A0A7}.Release|Any CPU.ActiveCfg = Release|Any CPU
		{391E8008-C028-4C5D-A3E2-A1BC4D07A0A7}.Release|Any CPU.Build.0 = Release|Any CPU
		{4037ABE2-1C66-4971-B9ED-384207C6A611}.Debug|Any CPU.ActiveCfg = Debug|Any CPU
		{4037ABE2-1C66-4971-B9ED-384207C6A611}.Debug|Any CPU.Build.0 = Debug|Any CPU
		{4037ABE2-1C66-4971-B9ED-384207C6A611}.Release|Any CPU.ActiveCfg = Release|Any CPU
		{4037ABE2-1C66-4971-B9ED-384207C6A611}.Release|Any CPU.Build.0 = Release|Any CPU
		{F72C165F-44DD-465F-9335-D8BACC4C8E58}.Debug|Any CPU.ActiveCfg = Debug|Any CPU
		{F72C165F-44DD-465F-9335-D8BACC4C8E58}.Debug|Any CPU.Build.0 = Debug|Any CPU
		{F72C165F-44DD-465F-9335-D8BACC4C8E58}.Release|Any CPU.ActiveCfg = Release|Any CPU
		{F72C165F-44DD-465F-9335-D8BACC4C8E58}.Release|Any CPU.Build.0 = Release|Any CPU
	EndGlobalSection
	GlobalSection(SolutionProperties) = preSolution
		HideSolutionNode = FALSE
	EndGlobalSection
	GlobalSection(ExtensibilityGlobals) = postSolution
		SolutionGuid = {C2B6D098-2588-4F10-BC12-3FF72C46626A}
	EndGlobalSection
EndGlobal
